
Microsoft Visual Studio Solution File, Format Version 12.00
# Visual Studio 15
VisualStudioVersion = 15.0.27703.2035
MinimumVisualStudioVersion = 10.0.40219.1
Project("{FAE04EC0-301F-11D3-BF4B-00C04F79EFBC}") = "5nite Films", "5nite Films\5nite Films.csproj", "{888456BF-8877-4E4D-8F2D-52F0B2EB49A6}"
EndProject
Project("{FAE04EC0-301F-11D3-BF4B-00C04F79EFBC}") = "5nite Films.Tests", "5nite Films.Tests\5nite Films.Tests.csproj", "{C046E405-E208-4D8F-89DB-3DA3FE9388F1}"
EndProject
Global
	GlobalSection(SolutionConfigurationPlatforms) = preSolution
		Debug|Any CPU = Debug|Any CPU
		Release|Any CPU = Release|Any CPU
	EndGlobalSection
	GlobalSection(ProjectConfigurationPlatforms) = postSolution
		{888456BF-8877-4E4D-8F2D-52F0B2EB49A6}.Debug|Any CPU.ActiveCfg = Debug|Any CPU
		{888456BF-8877-4E4D-8F2D-52F0B2EB49A6}.Debug|Any CPU.Build.0 = Debug|Any CPU
		{888456BF-8877-4E4D-8F2D-52F0B2EB49A6}.Release|Any CPU.ActiveCfg = Release|Any CPU
		{888456BF-8877-4E4D-8F2D-52F0B2EB49A6}.Release|Any CPU.Build.0 = Release|Any CPU
		{C046E405-E208-4D8F-89DB-3DA3FE9388F1}.Debug|Any CPU.ActiveCfg = Debug|Any CPU
		{C046E405-E208-4D8F-89DB-3DA3FE9388F1}.Debug|Any CPU.Build.0 = Debug|Any CPU
		{C046E405-E208-4D8F-89DB-3DA3FE9388F1}.Release|Any CPU.ActiveCfg = Release|Any CPU
		{C046E405-E208-4D8F-89DB-3DA3FE9388F1}.Release|Any CPU.Build.0 = Release|Any CPU
	EndGlobalSection
	GlobalSection(SolutionProperties) = preSolution
		HideSolutionNode = FALSE
	EndGlobalSection
	GlobalSection(ExtensibilityGlobals) = postSolution
		SolutionGuid = {C2898492-B235-41AF-9D88-5A1C4CA58C8E}
	EndGlobalSection
EndGlobal
